
Microsoft Visual Studio Solution File, Format Version 12.00
# Visual Studio Version 17
VisualStudioVersion = 17.8.34322.80
MinimumVisualStudioVersion = 10.0.40219.1
Project("{FAE04EC0-301F-11D3-BF4B-00C04F79EFBC}") = "oop_prj", "oop_prj\oop_prj.csproj", "{BC9F1555-3AC0-4C57-BE51-65A9494D93AA}"
EndProject
Global
	GlobalSection(SolutionConfigurationPlatforms) = preSolution
		Debug|Any CPU = Debug|Any CPU
		Release|Any CPU = Release|Any CPU
	EndGlobalSection
	GlobalSection(ProjectConfigurationPlatforms) = postSolution
		{BC9F1555-3AC0-4C57-BE51-65A9494D93AA}.Debug|Any CPU.ActiveCfg = Debug|Any CPU
		{BC9F1555-3AC0-4C57-BE51-65A9494D93AA}.Debug|Any CPU.Build.0 = Debug|Any CPU
		{BC9F1555-3AC0-4C57-BE51-65A9494D93AA}.Release|Any CPU.ActiveCfg = Release|Any CPU
		{BC9F1555-3AC0-4C57-BE51-65A9494D93AA}.Release|Any CPU.Build.0 = Release|Any CPU
	EndGlobalSection
	GlobalSection(SolutionProperties) = preSolution
		HideSolutionNode = FALSE
	EndGlobalSection
	GlobalSection(ExtensibilityGlobals) = postSolution
		SolutionGuid = {491F2391-3C54-4DAA-A668-B38FFC7C6046}
	EndGlobalSection
EndGlobal
